
Microsoft Visual Studio Solution File, Format Version 12.00
# Visual Studio Version 16
VisualStudioVersion = 16.0.29503.13
MinimumVisualStudioVersion = 10.0.40219.1
Project("{9A19103F-16F7-4668-BE54-9A1E7A4F7556}") = "Domain", "Domain\Domain.csproj", "{9394E530-21CE-4293-8EFA-5E102CE259B3}"
EndProject
Project("{FAE04EC0-301F-11D3-BF4B-00C04F79EFBC}") = "Domain.Test", "Domain.Test\Domain.Test.csproj", "{AF27BF34-186D-4EF5-9867-94B96CF90B0E}"
EndProject
Global
	GlobalSection(SolutionConfigurationPlatforms) = preSolution
		Debug|Any CPU = Debug|Any CPU
		Release|Any CPU = Release|Any CPU
	EndGlobalSection
	GlobalSection(ProjectConfigurationPlatforms) = postSolution
		{9394E530-21CE-4293-8EFA-5E102CE259B3}.Debug|Any CPU.ActiveCfg = Debug|Any CPU
		{9394E530-21CE-4293-8EFA-5E102CE259B3}.Debug|Any CPU.Build.0 = Debug|Any CPU
		{9394E530-21CE-4293-8EFA-5E102CE259B3}.Release|Any CPU.ActiveCfg = Release|Any CPU
		{9394E530-21CE-4293-8EFA-5E102CE259B3}.Release|Any CPU.Build.0 = Release|Any CPU
		{AF27BF34-186D-4EF5-9867-94B96CF90B0E}.Debug|Any CPU.ActiveCfg = Debug|Any CPU
		{AF27BF34-186D-4EF5-9867-94B96CF90B0E}.Debug|Any CPU.Build.0 = Debug|Any CPU
		{AF27BF34-186D-4EF5-9867-94B96CF90B0E}.Release|Any CPU.ActiveCfg = Release|Any CPU
		{AF27BF34-186D-4EF5-9867-94B96CF90B0E}.Release|Any CPU.Build.0 = Release|Any CPU
	EndGlobalSection
	GlobalSection(SolutionProperties) = preSolution
		HideSolutionNode = FALSE
	EndGlobalSection
	GlobalSection(ExtensibilityGlobals) = postSolution
		SolutionGuid = {5BBC614F-1849-4478-9B35-E8C11BC7DE84}
	EndGlobalSection
EndGlobal
