
Microsoft Visual Studio Solution File, Format Version 12.00
# Visual Studio Version 16
VisualStudioVersion = 16.0.29503.13
MinimumVisualStudioVersion = 10.0.40219.1
Project("{9A19103F-16F7-4668-BE54-9A1E7A4F7556}") = "Domain", "Domain\Domain.csproj", "{9394E530-21CE-4293-8EFA-5E102CE259B3}"
EndProject
Project("{9A19103F-16F7-4668-BE54-9A1E7A4F7556}") = "Domain.Test", "Domain.Test\Domain.Test.csproj", "{AF27BF34-186D-4EF5-9867-94B96CF90B0E}"
EndProject
Project("{9A19103F-16F7-4668-BE54-9A1E7A4F7556}") = "Infrastructure", "Infrastructure\Infrastructure.csproj", "{B7E1584F-2548-45FC-989E-AC9E0E8D0175}"
EndProject
Project("{9A19103F-16F7-4668-BE54-9A1E7A4F7556}") = "WebApi", "WebApi\WebApi.csproj", "{846A67DE-3A49-43CF-B820-3D66DDFE2D47}"
EndProject
Project("{9A19103F-16F7-4668-BE54-9A1E7A4F7556}") = "Infrastructure.Test", "Infrastructure.Test\Infrastructure.Test.csproj", "{542A000B-D0CE-4DFF-882B-AD703EC76BD3}"
EndProject
Project("{9A19103F-16F7-4668-BE54-9A1E7A4F7556}") = "Application", "Application\Application.csproj", "{EE8382BC-A7F0-4AD4-9E9D-A82F388D134B}"
EndProject
Project("{FAE04EC0-301F-11D3-BF4B-00C04F79EFBC}") = "Application.Test", "Application.Test\Application.Test.csproj", "{A8A71EBE-F1FE-4ABA-8DDD-73305A10485D}"
EndProject
Global
	GlobalSection(SolutionConfigurationPlatforms) = preSolution
		Debug|Any CPU = Debug|Any CPU
		Release|Any CPU = Release|Any CPU
	EndGlobalSection
	GlobalSection(ProjectConfigurationPlatforms) = postSolution
		{9394E530-21CE-4293-8EFA-5E102CE259B3}.Debug|Any CPU.ActiveCfg = Debug|Any CPU
		{9394E530-21CE-4293-8EFA-5E102CE259B3}.Debug|Any CPU.Build.0 = Debug|Any CPU
		{9394E530-21CE-4293-8EFA-5E102CE259B3}.Release|Any CPU.ActiveCfg = Release|Any CPU
		{9394E530-21CE-4293-8EFA-5E102CE259B3}.Release|Any CPU.Build.0 = Release|Any CPU
		{AF27BF34-186D-4EF5-9867-94B96CF90B0E}.Debug|Any CPU.ActiveCfg = Debug|Any CPU
		{AF27BF34-186D-4EF5-9867-94B96CF90B0E}.Debug|Any CPU.Build.0 = Debug|Any CPU
		{AF27BF34-186D-4EF5-9867-94B96CF90B0E}.Release|Any CPU.ActiveCfg = Release|Any CPU
		{AF27BF34-186D-4EF5-9867-94B96CF90B0E}.Release|Any CPU.Build.0 = Release|Any CPU
		{B7E1584F-2548-45FC-989E-AC9E0E8D0175}.Debug|Any CPU.ActiveCfg = Debug|Any CPU
		{B7E1584F-2548-45FC-989E-AC9E0E8D0175}.Debug|Any CPU.Build.0 = Debug|Any CPU
		{B7E1584F-2548-45FC-989E-AC9E0E8D0175}.Release|Any CPU.ActiveCfg = Release|Any CPU
		{B7E1584F-2548-45FC-989E-AC9E0E8D0175}.Release|Any CPU.Build.0 = Release|Any CPU
		{846A67DE-3A49-43CF-B820-3D66DDFE2D47}.Debug|Any CPU.ActiveCfg = Debug|Any CPU
		{846A67DE-3A49-43CF-B820-3D66DDFE2D47}.Debug|Any CPU.Build.0 = Debug|Any CPU
		{846A67DE-3A49-43CF-B820-3D66DDFE2D47}.Release|Any CPU.ActiveCfg = Release|Any CPU
		{846A67DE-3A49-43CF-B820-3D66DDFE2D47}.Release|Any CPU.Build.0 = Release|Any CPU
		{542A000B-D0CE-4DFF-882B-AD703EC76BD3}.Debug|Any CPU.ActiveCfg = Debug|Any CPU
		{542A000B-D0CE-4DFF-882B-AD703EC76BD3}.Debug|Any CPU.Build.0 = Debug|Any CPU
		{542A000B-D0CE-4DFF-882B-AD703EC76BD3}.Release|Any CPU.ActiveCfg = Release|Any CPU
		{542A000B-D0CE-4DFF-882B-AD703EC76BD3}.Release|Any CPU.Build.0 = Release|Any CPU
		{EE8382BC-A7F0-4AD4-9E9D-A82F388D134B}.Debug|Any CPU.ActiveCfg = Debug|Any CPU
		{EE8382BC-A7F0-4AD4-9E9D-A82F388D134B}.Debug|Any CPU.Build.0 = Debug|Any CPU
		{EE8382BC-A7F0-4AD4-9E9D-A82F388D134B}.Release|Any CPU.ActiveCfg = Release|Any CPU
		{EE8382BC-A7F0-4AD4-9E9D-A82F388D134B}.Release|Any CPU.Build.0 = Release|Any CPU
		{A8A71EBE-F1FE-4ABA-8DDD-73305A10485D}.Debug|Any CPU.ActiveCfg = Debug|Any CPU
		{A8A71EBE-F1FE-4ABA-8DDD-73305A10485D}.Debug|Any CPU.Build.0 = Debug|Any CPU
		{A8A71EBE-F1FE-4ABA-8DDD-73305A10485D}.Release|Any CPU.ActiveCfg = Release|Any CPU
		{A8A71EBE-F1FE-4ABA-8DDD-73305A10485D}.Release|Any CPU.Build.0 = Release|Any CPU
	EndGlobalSection
	GlobalSection(SolutionProperties) = preSolution
		HideSolutionNode = FALSE
	EndGlobalSection
	GlobalSection(ExtensibilityGlobals) = postSolution
		SolutionGuid = {5BBC614F-1849-4478-9B35-E8C11BC7DE84}
	EndGlobalSection
EndGlobal
